Microsoft Visual Studio Solution File, Format Version 11.00
# Visual Studio 2008

Project("{34F29BFF-1F8A-7C48-33DE-DC21D27C0E54}") = "The Delver", "Assembly-CSharp-firstpass.csproj", "{E477A5FD-0BB9-45D0-AF36-685A14A58CDD}"
EndProject
Project("{34F29BFF-1F8A-7C48-33DE-DC21D27C0E54}") = "The Delver", "Assembly-CSharp-Editor.csproj", "{B72BC234-BDE7-40CC-5454-AD8BB29B6A38}"
EndProject
Project("{34F29BFF-1F8A-7C48-33DE-DC21D27C0E54}") = "The Delver", "Assembly-UnityScript.unityproj", "{755770A4-9613-65B7-24AA-A2D64C35F8AA}"
EndProject
Global
	GlobalSection(SolutionConfigurationPlatforms) = preSolution
		Debug|Any CPU = Debug|Any CPU
		Release|Any CPU = Release|Any CPU
	EndGlobalSection
	GlobalSection(ProjectConfigurationPlatforms) = postSolution
		{E477A5FD-0BB9-45D0-AF36-685A14A58CDD}.Debug|Any CPU.ActiveCfg = Debug|Any CPU
		{E477A5FD-0BB9-45D0-AF36-685A14A58CDD}.Debug|Any CPU.Build.0 = Debug|Any CPU
		{E477A5FD-0BB9-45D0-AF36-685A14A58CDD}.Release|Any CPU.ActiveCfg = Release|Any CPU
		{E477A5FD-0BB9-45D0-AF36-685A14A58CDD}.Release|Any CPU.Build.0 = Release|Any CPU
		{B72BC234-BDE7-40CC-5454-AD8BB29B6A38}.Debug|Any CPU.ActiveCfg = Debug|Any CPU
		{B72BC234-BDE7-40CC-5454-AD8BB29B6A38}.Debug|Any CPU.Build.0 = Debug|Any CPU
		{B72BC234-BDE7-40CC-5454-AD8BB29B6A38}.Release|Any CPU.ActiveCfg = Release|Any CPU
		{B72BC234-BDE7-40CC-5454-AD8BB29B6A38}.Release|Any CPU.Build.0 = Release|Any CPU
		{755770A4-9613-65B7-24AA-A2D64C35F8AA}.Debug|Any CPU.ActiveCfg = Debug|Any CPU
		{755770A4-9613-65B7-24AA-A2D64C35F8AA}.Debug|Any CPU.Build.0 = Debug|Any CPU
		{755770A4-9613-65B7-24AA-A2D64C35F8AA}.Release|Any CPU.ActiveCfg = Release|Any CPU
		{755770A4-9613-65B7-24AA-A2D64C35F8AA}.Release|Any CPU.Build.0 = Release|Any CPU
	EndGlobalSection
	GlobalSection(SolutionProperties) = preSolution
		HideSolutionNode = FALSE
	EndGlobalSection
						GlobalSection(MonoDevelopProperties) = preSolution
		StartupItem = Assembly-CSharp.csproj
		Policies = $0
		$0.TextStylePolicy = $1
		$1.inheritsSet = null
		$1.scope = text/x-csharp
		$0.CSharpFormattingPolicy = $2
		$2.inheritsSet = Mono
		$2.inheritsScope = text/x-csharp
		$2.scope = text/x-csharp
		$0.TextStylePolicy = $3
		$3.FileWidth = 120
		$3.TabWidth = 4
		$3.IndentWidth = 4
		$3.EolMarker = Unix
		$3.inheritsSet = Mono
		$3.inheritsScope = text/plain
		$3.scope = text/plain
	EndGlobalSection

EndGlobal
